
Microsoft Visual Studio Solution File, Format Version 12.00
# Visual Studio Version 16
VisualStudioVersion = 16.0.31624.102
MinimumVisualStudioVersion = 10.0.40219.1
Project("{FAE04EC0-301F-11D3-BF4B-00C04F79EFBC}") = "DapperStackOverflow", "DapperStackOverflow\DapperStackOverflow.csproj", "{72D84A03-98FF-49B3-80C3-85794BA88679}"
EndProject
Global
	GlobalSection(SolutionConfigurationPlatforms) = preSolution
		Debug|Any CPU = Debug|Any CPU
		Release|Any CPU = Release|Any CPU
	EndGlobalSection
	GlobalSection(ProjectConfigurationPlatforms) = postSolution
		{72D84A03-98FF-49B3-80C3-85794BA88679}.Debug|Any CPU.ActiveCfg = Debug|Any CPU
		{72D84A03-98FF-49B3-80C3-85794BA88679}.Debug|Any CPU.Build.0 = Debug|Any CPU
		{72D84A03-98FF-49B3-80C3-85794BA88679}.Release|Any CPU.ActiveCfg = Release|Any CPU
		{72D84A03-98FF-49B3-80C3-85794BA88679}.Release|Any CPU.Build.0 = Release|Any CPU
	EndGlobalSection
	GlobalSection(SolutionProperties) = preSolution
		HideSolutionNode = FALSE
	EndGlobalSection
	GlobalSection(ExtensibilityGlobals) = postSolution
		SolutionGuid = {F801C2AD-DBEF-4441-A309-612FF0BFF9CD}
	EndGlobalSection
EndGlobal
